
Microsoft Visual Studio Solution File, Format Version 12.00
Project("{FAE04EC0-301F-11D3-BF4B-00C04F79EFBC}") = "Restaurants.API", "Restaurants.API\Restaurants.API.csproj", "{9FD71C83-FB7A-4E28-9DED-2CCF40AFFDC0}"
EndProject
Project("{FAE04EC0-301F-11D3-BF4B-00C04F79EFBC}") = "Restaurants.Domain", "Restaurants.Domain\Restaurants.Domain.csproj", "{AA7FB3C3-4E3C-4A9B-8F65-CDEBBABC6AB2}"
EndProject
Project("{FAE04EC0-301F-11D3-BF4B-00C04F79EFBC}") = "Restaurants.Application", "Restaurants.Application\Restaurants.Application.csproj", "{6B68E7B0-49A3-4F82-A4CC-9887329AD27B}"
EndProject
Project("{FAE04EC0-301F-11D3-BF4B-00C04F79EFBC}") = "Restaurants.Infrastructure", "Restaurants.Infrastructure\Restaurants.Infrastructure.csproj", "{17963CE9-E93E-4D28-9BEA-EC58A2262279}"
EndProject
Global
	GlobalSection(SolutionConfigurationPlatforms) = preSolution
		Debug|Any CPU = Debug|Any CPU
		Release|Any CPU = Release|Any CPU
	EndGlobalSection
	GlobalSection(ProjectConfigurationPlatforms) = postSolution
		{9FD71C83-FB7A-4E28-9DED-2CCF40AFFDC0}.Debug|Any CPU.ActiveCfg = Debug|Any CPU
		{9FD71C83-FB7A-4E28-9DED-2CCF40AFFDC0}.Debug|Any CPU.Build.0 = Debug|Any CPU
		{9FD71C83-FB7A-4E28-9DED-2CCF40AFFDC0}.Release|Any CPU.ActiveCfg = Release|Any CPU
		{9FD71C83-FB7A-4E28-9DED-2CCF40AFFDC0}.Release|Any CPU.Build.0 = Release|Any CPU
		{AA7FB3C3-4E3C-4A9B-8F65-CDEBBABC6AB2}.Debug|Any CPU.ActiveCfg = Debug|Any CPU
		{AA7FB3C3-4E3C-4A9B-8F65-CDEBBABC6AB2}.Debug|Any CPU.Build.0 = Debug|Any CPU
		{AA7FB3C3-4E3C-4A9B-8F65-CDEBBABC6AB2}.Release|Any CPU.ActiveCfg = Release|Any CPU
		{AA7FB3C3-4E3C-4A9B-8F65-CDEBBABC6AB2}.Release|Any CPU.Build.0 = Release|Any CPU
		{6B68E7B0-49A3-4F82-A4CC-9887329AD27B}.Debug|Any CPU.ActiveCfg = Debug|Any CPU
		{6B68E7B0-49A3-4F82-A4CC-9887329AD27B}.Debug|Any CPU.Build.0 = Debug|Any CPU
		{6B68E7B0-49A3-4F82-A4CC-9887329AD27B}.Release|Any CPU.ActiveCfg = Release|Any CPU
		{6B68E7B0-49A3-4F82-A4CC-9887329AD27B}.Release|Any CPU.Build.0 = Release|Any CPU
		{17963CE9-E93E-4D28-9BEA-EC58A2262279}.Debug|Any CPU.ActiveCfg = Debug|Any CPU
		{17963CE9-E93E-4D28-9BEA-EC58A2262279}.Debug|Any CPU.Build.0 = Debug|Any CPU
		{17963CE9-E93E-4D28-9BEA-EC58A2262279}.Release|Any CPU.ActiveCfg = Release|Any CPU
		{17963CE9-E93E-4D28-9BEA-EC58A2262279}.Release|Any CPU.Build.0 = Release|Any CPU
	EndGlobalSection
EndGlobal
